// !$*UTF8*$!
{
	archiveVersion = 1;
	classes = {
	};
	objectVersion = 48;
	objects = {

/* Begin PBXBuildFile section */
		4A0552A820B5E75600193E5C /* CoreDataManager.swift in Sources */ = {isa = PBXBuildFile; fileRef = 4A0552A720B5E75500193E5C /* CoreDataManager.swift */; };
		4A0552B220B5E80D00193E5C /* FileSystemManager.swift in Sources */ = {isa = PBXBuildFile; fileRef = 4A0552B120B5E80D00193E5C /* FileSystemManager.swift */; };
		4A0552C720B5EA1800193E5C /* Task+CoreDataClass.swift in Sources */ = {isa = PBXBuildFile; fileRef = 4A0552C320B5EA1800193E5C /* Task+CoreDataClass.swift */; };
		4A0552CE20B5EB7400193E5C /* Page2.swift in Sources */ = {isa = PBXBuildFile; fileRef = 4A0552CD20B5EB7400193E5C /* Page2.swift */; };
		4A0552DB20BE102A00193E5C /* Page3.swift in Sources */ = {isa = PBXBuildFile; fileRef = 4A0552DA20BE102A00193E5C /* Page3.swift */; };
		4A0552E020BE7AED00193E5C /* Person+CoreDataClass.swift in Sources */ = {isa = PBXBuildFile; fileRef = 4A0552DE20BE7AED00193E5C /* Person+CoreDataClass.swift */; };
		4A0552E120BE7AED00193E5C /* Person+CoreDataProperties.swift in Sources */ = {isa = PBXBuildFile; fileRef = 4A0552DF20BE7AED00193E5C /* Person+CoreDataProperties.swift */; };
		4A0552E420BE94C400193E5C /* Job+CoreDataClass.swift in Sources */ = {isa = PBXBuildFile; fileRef = 4A0552E220BE94C400193E5C /* Job+CoreDataClass.swift */; };
		4A0552E720BE9FAD00193E5C /* Analytics.swift in Sources */ = {isa = PBXBuildFile; fileRef = 4A0552E620BE9FAD00193E5C /* Analytics.swift */; };
		4A16056320C1C5A5000BFC95 /* Config.swift in Sources */ = {isa = PBXBuildFile; fileRef = 4A16054420C1C5A5000BFC95 /* Config.swift */; };
		4A16056420C1C5A5000BFC95 /* TaskManager.swift in Sources */ = {isa = PBXBuildFile; fileRef = 4A16054620C1C5A5000BFC95 /* TaskManager.swift */; };
		4A16056520C1C5A5000BFC95 /* Email.swift in Sources */ = {isa = PBXBuildFile; fileRef = 4A16054820C1C5A5000BFC95 /* Email.swift */; };
		4A16056620C1C5A5000BFC95 /* SignIn.swift in Sources */ = {isa = PBXBuildFile; fileRef = 4A16054A20C1C5A5000BFC95 /* SignIn.swift */; };
		4A16056720C1C5A5000BFC95 /* JobManager.swift in Sources */ = {isa = PBXBuildFile; fileRef = 4A16054D20C1C5A5000BFC95 /* JobManager.swift */; };
		4A16056920C1C5A5000BFC95 /* JobEditor.swift in Sources */ = {isa = PBXBuildFile; fileRef = 4A16054F20C1C5A5000BFC95 /* JobEditor.swift */; };
		4A16056A20C1C5A5000BFC95 /* FrontPage.swift in Sources */ = {isa = PBXBuildFile; fileRef = 4A16055120C1C5A5000BFC95 /* FrontPage.swift */; };
		4A16056B20C1C5A5000BFC95 /* JobViewer.swift in Sources */ = {isa = PBXBuildFile; fileRef = 4A16055420C1C5A5000BFC95 /* JobViewer.swift */; };
		4A16056C20C1C5A5000BFC95 /* JobSelector.swift in Sources */ = {isa = PBXBuildFile; fileRef = 4A16055520C1C5A5000BFC95 /* JobSelector.swift */; };
		4A16056D20C1C5A5000BFC95 /* AudioText.swift in Sources */ = {isa = PBXBuildFile; fileRef = 4A16055720C1C5A5000BFC95 /* AudioText.swift */; };
		4A16056E20C1C5A5000BFC95 /* AudioTextPhoto.swift in Sources */ = {isa = PBXBuildFile; fileRef = 4A16055820C1C5A5000BFC95 /* AudioTextPhoto.swift */; };
		4A16056F20C1C5A5000BFC95 /* TaskTemplate.swift in Sources */ = {isa = PBXBuildFile; fileRef = 4A16055920C1C5A5000BFC95 /* TaskTemplate.swift */; };
		4A16057020C1C5A5000BFC95 /* VideoPlayer.swift in Sources */ = {isa = PBXBuildFile; fileRef = 4A16055A20C1C5A5000BFC95 /* VideoPlayer.swift */; };
		4A16057120C1C5A5000BFC95 /* VideoAudioText.swift in Sources */ = {isa = PBXBuildFile; fileRef = 4A16055B20C1C5A5000BFC95 /* VideoAudioText.swift */; };
		4A16057220C1C5A5000BFC95 /* Photo.swift in Sources */ = {isa = PBXBuildFile; fileRef = 4A16055C20C1C5A5000BFC95 /* Photo.swift */; };
		4A16057320C1C5A5000BFC95 /* VideoAudio.swift in Sources */ = {isa = PBXBuildFile; fileRef = 4A16055D20C1C5A5000BFC95 /* VideoAudio.swift */; };
		4A16057420C1C5A5000BFC95 /* VideoText.swift in Sources */ = {isa = PBXBuildFile; fileRef = 4A16055E20C1C5A5000BFC95 /* VideoText.swift */; };
		4A16057520C1C5A5000BFC95 /* Audio.swift in Sources */ = {isa = PBXBuildFile; fileRef = 4A16055F20C1C5A5000BFC95 /* Audio.swift */; };
		4A16057620C1C5A5000BFC95 /* Video.swift in Sources */ = {isa = PBXBuildFile; fileRef = 4A16056020C1C5A5000BFC95 /* Video.swift */; };
		4A16057720C1C5A5000BFC95 /* Text.swift in Sources */ = {isa = PBXBuildFile; fileRef = 4A16056120C1C5A5000BFC95 /* Text.swift */; };
		4A16057820C1C5A5000BFC95 /* AudioPhoto.swift in Sources */ = {isa = PBXBuildFile; fileRef = 4A16056220C1C5A5000BFC95 /* AudioPhoto.swift */; };
		4A16057B20C1C5AC000BFC95 /* CoreDataProtocol.swift in Sources */ = {isa = PBXBuildFile; fileRef = 4A16057A20C1C5AC000BFC95 /* CoreDataProtocol.swift */; };
		4A16058720C1C5B1000BFC95 /* CoreData.swift in Sources */ = {isa = PBXBuildFile; fileRef = 4A16057E20C1C5B1000BFC95 /* CoreData.swift */; };
		4A16058B20C1C5B1000BFC95 /* PersonDemo.swift in Sources */ = {isa = PBXBuildFile; fileRef = 4A16058320C1C5B1000BFC95 /* PersonDemo.swift */; };
		4A5789FB20BF215F00677851 /* Page4.swift in Sources */ = {isa = PBXBuildFile; fileRef = 4A5789FA20BF215F00677851 /* Page4.swift */; };
		4A60206D20D2B69500D6ABFC /* AudioToolbox.framework in Frameworks */ = {isa = PBXBuildFile; fileRef = 4A60206C20D2B69500D6ABFC /* AudioToolbox.framework */; };
		4A60206F20D2CFAD00D6ABFC /* AudioRecorderManager.swift in Sources */ = {isa = PBXBuildFile; fileRef = 4A60206E20D2CFAD00D6ABFC /* AudioRecorderManager.swift */; };
		4A60207120E3D5EC00D6ABFC /* Job+CoreDataProperties.swift in Sources */ = {isa = PBXBuildFile; fileRef = 4A60207020E3D5EC00D6ABFC /* Job+CoreDataProperties.swift */; };
		4ABCEFCE20EAEA54000E8C2F /* Analytics+CoreDataClass.swift in Sources */ = {isa = PBXBuildFile; fileRef = 4ABCEFCC20EAEA54000E8C2F /* Analytics+CoreDataClass.swift */; };
		4ABCEFD220ECB8FA000E8C2F /* Task+CoreDataProperties.swift in Sources */ = {isa = PBXBuildFile; fileRef = 4ABCEFD020ECB8FA000E8C2F /* Task+CoreDataProperties.swift */; };
		4ABCEFD320ECB8FA000E8C2F /* Analytics+CoreDataProperties.swift in Sources */ = {isa = PBXBuildFile; fileRef = 4ABCEFD120ECB8FA000E8C2F /* Analytics+CoreDataProperties.swift */; };
		840EE53820F3108700C51DE3 /* StackView.swift in Sources */ = {isa = PBXBuildFile; fileRef = 840EE53720F3108700C51DE3 /* StackView.swift */; };
		84F559FF226FDB0D00C36AC0 /* ICloudAPI.swift in Sources */ = {isa = PBXBuildFile; fileRef = 84F559FE226FDB0D00C36AC0 /* ICloudAPI.swift */; };
		CD1904D620DCB75000D2C74A /* Constants.swift in Sources */ = {isa = PBXBuildFile; fileRef = CD1904D520DCB75000D2C74A /* Constants.swift */; };
		CD1904D920DCB7F500D2C74A /* JobSelectorCell.swift in Sources */ = {isa = PBXBuildFile; fileRef = CD1904D820DCB7F500D2C74A /* JobSelectorCell.swift */; };
		CD88838C20DE7B7600E4AED3 /* NotificationController.swift in Sources */ = {isa = PBXBuildFile; fileRef = CD88838B20DE7B7600E4AED3 /* NotificationController.swift */; };
		CD88838E20DEB08700E4AED3 /* NotificationEditor.swift in Sources */ = {isa = PBXBuildFile; fileRef = CD88838D20DEB08700E4AED3 /* NotificationEditor.swift */; };
		CDC9505420C5AF0E001585FE /* Main.storyboard in Resources */ = {isa = PBXBuildFile; fileRef = CDC9505320C5AF0E001585FE /* Main.storyboard */; };
		CDC9777520C82BCC0064859D /* PhotoText.swift in Sources */ = {isa = PBXBuildFile; fileRef = CDC9777420C82BCC0064859D /* PhotoText.swift */; };
		CDFC1345209363C1004A997E /* AppDelegate.swift in Sources */ = {isa = PBXBuildFile; fileRef = CDFC1344209363C1004A997E /* AppDelegate.swift */; };
		CDFC1347209363C1004A997E /* Page1.swift in Sources */ = {isa = PBXBuildFile; fileRef = CDFC1346209363C1004A997E /* Page1.swift */; };
		CDFC134D209363C1004A997E /* CommunityApp.xcdatamodeld in Sources */ = {isa = PBXBuildFile; fileRef = CDFC134B209363C1004A997E /* CommunityApp.xcdatamodeld */; };
		CDFC134F209363C1004A997E /* Assets.xcassets in Resources */ = {isa = PBXBuildFile; fileRef = CDFC134E209363C1004A997E /* Assets.xcassets */; };
		CDFC1352209363C1004A997E /* LaunchScreen.storyboard in Resources */ = {isa = PBXBuildFile; fileRef = CDFC1350209363C1004A997E /* LaunchScreen.storyboard */; };
		CDFC135D209363C1004A997E /* CommunityAppTests.swift in Sources */ = {isa = PBXBuildFile; fileRef = CDFC135C209363C1004A997E /* CommunityAppTests.swift */; };
		CDFC1368209363C1004A997E /* CommunityAppUITests.swift in Sources */ = {isa = PBXBuildFile; fileRef = CDFC1367209363C1004A997E /* CommunityAppUITests.swift */; };
/* End PBXBuildFile section */

/* Begin PBXContainerItemProxy section */
		CDFC1359209363C1004A997E /* PBXContainerItemProxy */ = {
			isa = PBXContainerItemProxy;
			containerPortal = CDFC1339209363C1004A997E /* Project object */;
			proxyType = 1;
			remoteGlobalIDString = CDFC1340209363C1004A997E;
			remoteInfo = CommunityApp;
		};
		CDFC1364209363C1004A997E /* PBXContainerItemProxy */ = {
			isa = PBXContainerItemProxy;
			containerPortal = CDFC1339209363C1004A997E /* Project object */;
			proxyType = 1;
			remoteGlobalIDString = CDFC1340209363C1004A997E;
			remoteInfo = CommunityApp;
		};
/* End PBXContainerItemProxy section */

/* Begin PBXFileReference section */
		4A0552A720B5E75500193E5C /* CoreDataManager.swift */ = {isa = PBXFileReference; lastKnownFileType = sourcecode.swift; path = CoreDataManager.swift; sourceTree = "<group>"; };
		4A0552B120B5E80D00193E5C /* FileSystemManager.swift */ = {isa = PBXFileReference; lastKnownFileType = sourcecode.swift; path = FileSystemManager.swift; sourceTree = "<group>"; };
		4A0552C320B5EA1800193E5C /* Task+CoreDataClass.swift */ = {isa = PBXFileReference; lastKnownFileType = sourcecode.swift; path = "Task+CoreDataClass.swift"; sourceTree = "<group>"; };
		4A0552CD20B5EB7400193E5C /* Page2.swift */ = {isa = PBXFileReference; lastKnownFileType = sourcecode.swift; path = Page2.swift; sourceTree = "<group>"; };
		4A0552DA20BE102A00193E5C /* Page3.swift */ = {isa = PBXFileReference; lastKnownFileType = sourcecode.swift; path = Page3.swift; sourceTree = "<group>"; };
		4A0552DE20BE7AED00193E5C /* Person+CoreDataClass.swift */ = {isa = PBXFileReference; lastKnownFileType = sourcecode.swift; path = "Person+CoreDataClass.swift"; sourceTree = "<group>"; };
		4A0552DF20BE7AED00193E5C /* Person+CoreDataProperties.swift */ = {isa = PBXFileReference; lastKnownFileType = sourcecode.swift; path = "Person+CoreDataProperties.swift"; sourceTree = "<group>"; };
		4A0552E220BE94C400193E5C /* Job+CoreDataClass.swift */ = {isa = PBXFileReference; lastKnownFileType = sourcecode.swift; path = "Job+CoreDataClass.swift"; sourceTree = "<group>"; };
		4A0552E620BE9FAD00193E5C /* Analytics.swift */ = {isa = PBXFileReference; lastKnownFileType = sourcecode.swift; path = Analytics.swift; sourceTree = "<group>"; };
		4A16054420C1C5A5000BFC95 /* Config.swift */ = {isa = PBXFileReference; fileEncoding = 4; lastKnownFileType = sourcecode.swift; path = Config.swift; sourceTree = "<group>"; };
		4A16054620C1C5A5000BFC95 /* TaskManager.swift */ = {isa = PBXFileReference; fileEncoding = 4; lastKnownFileType = sourcecode.swift; path = TaskManager.swift; sourceTree = "<group>"; };
		4A16054820C1C5A5000BFC95 /* Email.swift */ = {isa = PBXFileReference; fileEncoding = 4; lastKnownFileType = sourcecode.swift; path = Email.swift; sourceTree = "<group>"; };
		4A16054A20C1C5A5000BFC95 /* SignIn.swift */ = {isa = PBXFileReference; fileEncoding = 4; lastKnownFileType = sourcecode.swift; path = SignIn.swift; sourceTree = "<group>"; };
		4A16054D20C1C5A5000BFC95 /* JobManager.swift */ = {isa = PBXFileReference; fileEncoding = 4; lastKnownFileType = sourcecode.swift; path = JobManager.swift; sourceTree = "<group>"; };
		4A16054F20C1C5A5000BFC95 /* JobEditor.swift */ = {isa = PBXFileReference; fileEncoding = 4; lastKnownFileType = sourcecode.swift; path = JobEditor.swift; sourceTree = "<group>"; };
		4A16055120C1C5A5000BFC95 /* FrontPage.swift */ = {isa = PBXFileReference; fileEncoding = 4; lastKnownFileType = sourcecode.swift; path = FrontPage.swift; sourceTree = "<group>"; };
		4A16055420C1C5A5000BFC95 /* JobViewer.swift */ = {isa = PBXFileReference; fileEncoding = 4; lastKnownFileType = sourcecode.swift; path = JobViewer.swift; sourceTree = "<group>"; };
		4A16055520C1C5A5000BFC95 /* JobSelector.swift */ = {isa = PBXFileReference; fileEncoding = 4; lastKnownFileType = sourcecode.swift; path = JobSelector.swift; sourceTree = "<group>"; };
		4A16055720C1C5A5000BFC95 /* AudioText.swift */ = {isa = PBXFileReference; fileEncoding = 4; lastKnownFileType = sourcecode.swift; path = AudioText.swift; sourceTree = "<group>"; };
		4A16055820C1C5A5000BFC95 /* AudioTextPhoto.swift */ = {isa = PBXFileReference; fileEncoding = 4; lastKnownFileType = sourcecode.swift; path = AudioTextPhoto.swift; sourceTree = "<group>"; };
		4A16055920C1C5A5000BFC95 /* TaskTemplate.swift */ = {isa = PBXFileReference; fileEncoding = 4; lastKnownFileType = sourcecode.swift; path = TaskTemplate.swift; sourceTree = "<group>"; };
		4A16055A20C1C5A5000BFC95 /* VideoPlayer.swift */ = {isa = PBXFileReference; fileEncoding = 4; lastKnownFileType = sourcecode.swift; path = VideoPlayer.swift; sourceTree = "<group>"; };
		4A16055B20C1C5A5000BFC95 /* VideoAudioText.swift */ = {isa = PBXFileReference; fileEncoding = 4; lastKnownFileType = sourcecode.swift; path = VideoAudioText.swift; sourceTree = "<group>"; };
		4A16055C20C1C5A5000BFC95 /* Photo.swift */ = {isa = PBXFileReference; fileEncoding = 4; lastKnownFileType = sourcecode.swift; path = Photo.swift; sourceTree = "<group>"; };
		4A16055D20C1C5A5000BFC95 /* VideoAudio.swift */ = {isa = PBXFileReference; fileEncoding = 4; lastKnownFileType = sourcecode.swift; path = VideoAudio.swift; sourceTree = "<group>"; };
		4A16055E20C1C5A5000BFC95 /* VideoText.swift */ = {isa = PBXFileReference; fileEncoding = 4; lastKnownFileType = sourcecode.swift; path = VideoText.swift; sourceTree = "<group>"; };
		4A16055F20C1C5A5000BFC95 /* Audio.swift */ = {isa = PBXFileReference; fileEncoding = 4; lastKnownFileType = sourcecode.swift; path = Audio.swift; sourceTree = "<group>"; };
		4A16056020C1C5A5000BFC95 /* Video.swift */ = {isa = PBXFileReference; fileEncoding = 4; lastKnownFileType = sourcecode.swift; path = Video.swift; sourceTree = "<group>"; };
		4A16056120C1C5A5000BFC95 /* Text.swift */ = {isa = PBXFileReference; fileEncoding = 4; lastKnownFileType = sourcecode.swift; path = Text.swift; sourceTree = "<group>"; };
		4A16056220C1C5A5000BFC95 /* AudioPhoto.swift */ = {isa = PBXFileReference; fileEncoding = 4; lastKnownFileType = sourcecode.swift; path = AudioPhoto.swift; sourceTree = "<group>"; };
		4A16057A20C1C5AC000BFC95 /* CoreDataProtocol.swift */ = {isa = PBXFileReference; fileEncoding = 4; lastKnownFileType = sourcecode.swift; path = CoreDataProtocol.swift; sourceTree = "<group>"; };
		4A16057E20C1C5B1000BFC95 /* CoreData.swift */ = {isa = PBXFileReference; fileEncoding = 4; lastKnownFileType = sourcecode.swift; path = CoreData.swift; sourceTree = "<group>"; };
		4A16058320C1C5B1000BFC95 /* PersonDemo.swift */ = {isa = PBXFileReference; fileEncoding = 4; lastKnownFileType = sourcecode.swift; path = PersonDemo.swift; sourceTree = "<group>"; };
		4A16058E20C1C5D2000BFC95 /* CommunityApp.entitlements */ = {isa = PBXFileReference; lastKnownFileType = text.plist.entitlements; path = CommunityApp.entitlements; sourceTree = "<group>"; };
		4A5789FA20BF215F00677851 /* Page4.swift */ = {isa = PBXFileReference; lastKnownFileType = sourcecode.swift; path = Page4.swift; sourceTree = "<group>"; };
		4A60206C20D2B69500D6ABFC /* AudioToolbox.framework */ = {isa = PBXFileReference; lastKnownFileType = wrapper.framework; name = AudioToolbox.framework; path = System/Library/Frameworks/AudioToolbox.framework; sourceTree = SDKROOT; };
		4A60206E20D2CFAD00D6ABFC /* AudioRecorderManager.swift */ = {isa = PBXFileReference; lastKnownFileType = sourcecode.swift; path = AudioRecorderManager.swift; sourceTree = "<group>"; };
		4A60207020E3D5EC00D6ABFC /* Job+CoreDataProperties.swift */ = {isa = PBXFileReference; lastKnownFileType = sourcecode.swift; path = "Job+CoreDataProperties.swift"; sourceTree = "<group>"; };
		4ABCEFCC20EAEA54000E8C2F /* Analytics+CoreDataClass.swift */ = {isa = PBXFileReference; lastKnownFileType = sourcecode.swift; path = "Analytics+CoreDataClass.swift"; sourceTree = "<group>"; };
		4ABCEFD020ECB8FA000E8C2F /* Task+CoreDataProperties.swift */ = {isa = PBXFileReference; lastKnownFileType = sourcecode.swift; path = "Task+CoreDataProperties.swift"; sourceTree = "<group>"; };
		4ABCEFD120ECB8FA000E8C2F /* Analytics+CoreDataProperties.swift */ = {isa = PBXFileReference; lastKnownFileType = sourcecode.swift; path = "Analytics+CoreDataProperties.swift"; sourceTree = "<group>"; };
		840EE53720F3108700C51DE3 /* StackView.swift */ = {isa = PBXFileReference; lastKnownFileType = sourcecode.swift; name = StackView.swift; path = CommunityApp/Model/StackView.swift; sourceTree = SOURCE_ROOT; };
		84F559FE226FDB0D00C36AC0 /* ICloudAPI.swift */ = {isa = PBXFileReference; lastKnownFileType = sourcecode.swift; path = ICloudAPI.swift; sourceTree = "<group>"; };
		CD1904D520DCB75000D2C74A /* Constants.swift */ = {isa = PBXFileReference; lastKnownFileType = sourcecode.swift; path = Constants.swift; sourceTree = SOURCE_ROOT; };
		CD1904D820DCB7F500D2C74A /* JobSelectorCell.swift */ = {isa = PBXFileReference; lastKnownFileType = sourcecode.swift; path = JobSelectorCell.swift; sourceTree = "<group>"; };
		CD88838B20DE7B7600E4AED3 /* NotificationController.swift */ = {isa = PBXFileReference; lastKnownFileType = sourcecode.swift; path = NotificationController.swift; sourceTree = "<group>"; };
		CD88838D20DEB08700E4AED3 /* NotificationEditor.swift */ = {isa = PBXFileReference; lastKnownFileType = sourcecode.swift; path = NotificationEditor.swift; sourceTree = "<group>"; };
		CDC9505320C5AF0E001585FE /* Main.storyboard */ = {isa = PBXFileReference; fileEncoding = 4; lastKnownFileType = file.storyboard; path = Main.storyboard; sourceTree = "<group>"; };
		CDC9777420C82BCC0064859D /* PhotoText.swift */ = {isa = PBXFileReference; lastKnownFileType = sourcecode.swift; path = PhotoText.swift; sourceTree = "<group>"; };
		CDFC1341209363C1004A997E /* CommunityApp.app */ = {isa = PBXFileReference; explicitFileType = wrapper.application; includeInIndex = 0; path = CommunityApp.app; sourceTree = BUILT_PRODUCTS_DIR; };
		CDFC1344209363C1004A997E /* AppDelegate.swift */ = {isa = PBXFileReference; lastKnownFileType = sourcecode.swift; path = AppDelegate.swift; sourceTree = "<group>"; };
		CDFC1346209363C1004A997E /* Page1.swift */ = {isa = PBXFileReference; lastKnownFileType = sourcecode.swift; path = Page1.swift; sourceTree = "<group>"; };
		CDFC134C209363C1004A997E /* CommunityApp.xcdatamodel */ = {isa = PBXFileReference; lastKnownFileType = wrapper.xcdatamodel; path = CommunityApp.xcdatamodel; sourceTree = "<group>"; };
		CDFC134E209363C1004A997E /* Assets.xcassets */ = {isa = PBXFileReference; lastKnownFileType = folder.assetcatalog; path = Assets.xcassets; sourceTree = "<group>"; };
		CDFC1351209363C1004A997E /* Base */ = {isa = PBXFileReference; lastKnownFileType = file.storyboard; name = Base; path = Base.lproj/LaunchScreen.storyboard; sourceTree = "<group>"; };
		CDFC1353209363C1004A997E /* Info.plist */ = {isa = PBXFileReference; lastKnownFileType = text.plist.xml; path = Info.plist; sourceTree = "<group>"; };
		CDFC1358209363C1004A997E /* CommunityAppTests.xctest */ = {isa = PBXFileReference; explicitFileType = wrapper.cfbundle; includeInIndex = 0; path = CommunityAppTests.xctest; sourceTree = BUILT_PRODUCTS_DIR; };
		CDFC135C209363C1004A997E /* CommunityAppTests.swift */ = {isa = PBXFileReference; lastKnownFileType = sourcecode.swift; path = CommunityAppTests.swift; sourceTree = "<group>"; };
		CDFC135E209363C1004A997E /* Info.plist */ = {isa = PBXFileReference; lastKnownFileType = text.plist.xml; path = Info.plist; sourceTree = "<group>"; };
		CDFC1363209363C1004A997E /* CommunityAppUITests.xctest */ = {isa = PBXFileReference; explicitFileType = wrapper.cfbundle; includeInIndex = 0; path = CommunityAppUITests.xctest; sourceTree = BUILT_PRODUCTS_DIR; };
		CDFC1367209363C1004A997E /* CommunityAppUITests.swift */ = {isa = PBXFileReference; lastKnownFileType = sourcecode.swift; path = CommunityAppUITests.swift; sourceTree = "<group>"; };
		CDFC1369209363C1004A997E /* Info.plist */ = {isa = PBXFileReference; lastKnownFileType = text.plist.xml; path = Info.plist; sourceTree = "<group>"; };
/* End PBXFileReference section */

/* Begin PBXFrameworksBuildPhase section */
		CDFC133E209363C1004A997E /* Frameworks */ = {
			isa = PBXFrameworksBuildPhase;
			buildActionMask = 2147483647;
			files = (
				4A60206D20D2B69500D6ABFC /* AudioToolbox.framework in Frameworks */,
			);
			runOnlyForDeploymentPostprocessing = 0;
		};
		CDFC1355209363C1004A997E /* Frameworks */ = {
			isa = PBXFrameworksBuildPhase;
			buildActionMask = 2147483647;
			files = (
			);
			runOnlyForDeploymentPostprocessing = 0;
		};
		CDFC1360209363C1004A997E /* Frameworks */ = {
			isa = PBXFrameworksBuildPhase;
			buildActionMask = 2147483647;
			files = (
			);
			runOnlyForDeploymentPostprocessing = 0;
		};
/* End PBXFrameworksBuildPhase section */

/* Begin PBXGroup section */
		4A16054120C1C5A5000BFC95 /* FrontEnd */ = {
			isa = PBXGroup;
			children = (
				4A16055220C1C5A5000BFC95 /* Client */,
				4A16054220C1C5A5000BFC95 /* SupportWorker */,
			);
			path = FrontEnd;
			sourceTree = "<group>";
		};
		4A16054220C1C5A5000BFC95 /* SupportWorker */ = {
			isa = PBXGroup;
			children = (
				4A16054320C1C5A5000BFC95 /* Configuration */,
				4A16054520C1C5A5000BFC95 /* TaskPage */,
				4A16054720C1C5A5000BFC95 /* EmailPage */,
				4A16054920C1C5A5000BFC95 /* SignInPage */,
				4A16054B20C1C5A5000BFC95 /* JobPage */,
				4A16055020C1C5A5000BFC95 /* FrontPage */,
			);
			path = SupportWorker;
			sourceTree = "<group>";
		};
		4A16054320C1C5A5000BFC95 /* Configuration */ = {
			isa = PBXGroup;
			children = (
				4A16054420C1C5A5000BFC95 /* Config.swift */,
			);
			path = Configuration;
			sourceTree = "<group>";
		};
		4A16054520C1C5A5000BFC95 /* TaskPage */ = {
			isa = PBXGroup;
			children = (
				4A16054620C1C5A5000BFC95 /* TaskManager.swift */,
				4A60206E20D2CFAD00D6ABFC /* AudioRecorderManager.swift */,
			);
			path = TaskPage;
			sourceTree = "<group>";
		};
		4A16054720C1C5A5000BFC95 /* EmailPage */ = {
			isa = PBXGroup;
			children = (
				4A16054820C1C5A5000BFC95 /* Email.swift */,
				84F559FE226FDB0D00C36AC0 /* ICloudAPI.swift */,
			);
			path = EmailPage;
			sourceTree = "<group>";
		};
		4A16054920C1C5A5000BFC95 /* SignInPage */ = {
			isa = PBXGroup;
			children = (
				4A16054A20C1C5A5000BFC95 /* SignIn.swift */,
			);
			path = SignInPage;
			sourceTree = "<group>";
		};
		4A16054B20C1C5A5000BFC95 /* JobPage */ = {
			isa = PBXGroup;
			children = (
				4A16054C20C1C5A5000BFC95 /* JobManager */,
				4A16054F20C1C5A5000BFC95 /* JobEditor.swift */,
				CD88838B20DE7B7600E4AED3 /* NotificationController.swift */,
				CD88838D20DEB08700E4AED3 /* NotificationEditor.swift */,
			);
			path = JobPage;
			sourceTree = "<group>";
		};
		4A16054C20C1C5A5000BFC95 /* JobManager */ = {
			isa = PBXGroup;
			children = (
				4A16054D20C1C5A5000BFC95 /* JobManager.swift */,
			);
			path = JobManager;
			sourceTree = "<group>";
		};
		4A16055020C1C5A5000BFC95 /* FrontPage */ = {
			isa = PBXGroup;
			children = (
				4A16055120C1C5A5000BFC95 /* FrontPage.swift */,
			);
			path = FrontPage;
			sourceTree = "<group>";
		};
		4A16055220C1C5A5000BFC95 /* Client */ = {
			isa = PBXGroup;
			children = (
				4A16055320C1C5A5000BFC95 /* JobSelector */,
				4A16055620C1C5A5000BFC95 /* TaskTemplate */,
			);
			path = Client;
			sourceTree = "<group>";
		};
		4A16055320C1C5A5000BFC95 /* JobSelector */ = {
			isa = PBXGroup;
			children = (
				4A16055520C1C5A5000BFC95 /* JobSelector.swift */,
				CD1904D720DCB7E300D2C74A /* JobSelectorCell */,
				4A16055420C1C5A5000BFC95 /* JobViewer.swift */,
			);
			path = JobSelector;
			sourceTree = "<group>";
		};
		4A16055620C1C5A5000BFC95 /* TaskTemplate */ = {
			isa = PBXGroup;
			children = (
				4A16055920C1C5A5000BFC95 /* TaskTemplate.swift */,
				4A16055C20C1C5A5000BFC95 /* Photo.swift */,
				4A16055F20C1C5A5000BFC95 /* Audio.swift */,
				4A16056020C1C5A5000BFC95 /* Video.swift */,
				4A16056120C1C5A5000BFC95 /* Text.swift */,
				CDC9777320C81D8F0064859D /* OtherViews */,
				CDC9777120C81C840064859D /* Auxiliary */,
			);
			path = TaskTemplate;
			sourceTree = "<group>";
		};
		4A16057920C1C5AC000BFC95 /* BackEnd */ = {
			isa = PBXGroup;
			children = (
				4A16057A20C1C5AC000BFC95 /* CoreDataProtocol.swift */,
			);
			path = BackEnd;
			sourceTree = "<group>";
		};
		4A16057C20C1C5B1000BFC95 /* Model */ = {
			isa = PBXGroup;
			children = (
				4A16057D20C1C5B1000BFC95 /* Database */,
				4A16058020C1C5B1000BFC95 /* Objects */,
				4A16058320C1C5B1000BFC95 /* PersonDemo.swift */,
			);
			path = Model;
			sourceTree = "<group>";
		};
		4A16057D20C1C5B1000BFC95 /* Database */ = {
			isa = PBXGroup;
			children = (
				4A16057E20C1C5B1000BFC95 /* CoreData.swift */,
			);
			path = Database;
			sourceTree = "<group>";
		};
		4A16058020C1C5B1000BFC95 /* Objects */ = {
			isa = PBXGroup;
			children = (
				CD1904D520DCB75000D2C74A /* Constants.swift */,
				840EE53720F3108700C51DE3 /* StackView.swift */,
			);
			path = Objects;
			sourceTree = "<group>";
		};
		4A60206B20D2B69500D6ABFC /* Frameworks */ = {
			isa = PBXGroup;
			children = (
				4A60206C20D2B69500D6ABFC /* AudioToolbox.framework */,
			);
			name = Frameworks;
			sourceTree = "<group>";
		};
		CD1904D720DCB7E300D2C74A /* JobSelectorCell */ = {
			isa = PBXGroup;
			children = (
				CD1904D820DCB7F500D2C74A /* JobSelectorCell.swift */,
			);
			path = JobSelectorCell;
			sourceTree = "<group>";
		};
		CDC9777120C81C840064859D /* Auxiliary */ = {
			isa = PBXGroup;
			children = (
				4A16055A20C1C5A5000BFC95 /* VideoPlayer.swift */,
			);
			path = Auxiliary;
			sourceTree = "<group>";
		};
		CDC9777320C81D8F0064859D /* OtherViews */ = {
			isa = PBXGroup;
			children = (
				4A16055B20C1C5A5000BFC95 /* VideoAudioText.swift */,
				4A16055820C1C5A5000BFC95 /* AudioTextPhoto.swift */,
				4A16055720C1C5A5000BFC95 /* AudioText.swift */,
				4A16055E20C1C5A5000BFC95 /* VideoText.swift */,
				4A16055D20C1C5A5000BFC95 /* VideoAudio.swift */,
				4A16056220C1C5A5000BFC95 /* AudioPhoto.swift */,
				CDC9777420C82BCC0064859D /* PhotoText.swift */,
			);
			path = OtherViews;
			sourceTree = "<group>";
		};
		CDFC1338209363C0004A997E = {
			isa = PBXGroup;
			children = (
				4A0552DE20BE7AED00193E5C /* Person+CoreDataClass.swift */,
				4A0552DF20BE7AED00193E5C /* Person+CoreDataProperties.swift */,
				4A0552E220BE94C400193E5C /* Job+CoreDataClass.swift */,
				4A60207020E3D5EC00D6ABFC /* Job+CoreDataProperties.swift */,
				4A0552C320B5EA1800193E5C /* Task+CoreDataClass.swift */,
				4ABCEFD020ECB8FA000E8C2F /* Task+CoreDataProperties.swift */,
				4ABCEFCC20EAEA54000E8C2F /* Analytics+CoreDataClass.swift */,
				4ABCEFD120ECB8FA000E8C2F /* Analytics+CoreDataProperties.swift */,
				CDFC1343209363C1004A997E /* CommunityApp */,
				CDFC135B209363C1004A997E /* CommunityAppTests */,
				CDFC1366209363C1004A997E /* CommunityAppUITests */,
				CDFC1342209363C1004A997E /* Products */,
				4A60206B20D2B69500D6ABFC /* Frameworks */,
			);
			sourceTree = "<group>";
		};
		CDFC1342209363C1004A997E /* Products */ = {
			isa = PBXGroup;
			children = (
				CDFC1341209363C1004A997E /* CommunityApp.app */,
				CDFC1358209363C1004A997E /* CommunityAppTests.xctest */,
				CDFC1363209363C1004A997E /* CommunityAppUITests.xctest */,
			);
			name = Products;
			sourceTree = "<group>";
		};
		CDFC1343209363C1004A997E /* CommunityApp */ = {
			isa = PBXGroup;
			children = (
				4A16054120C1C5A5000BFC95 /* FrontEnd */,
				4A16057920C1C5AC000BFC95 /* BackEnd */,
				4A16057C20C1C5B1000BFC95 /* Model */,
				4A16058E20C1C5D2000BFC95 /* CommunityApp.entitlements */,
				CDC9505320C5AF0E001585FE /* Main.storyboard */,
				CDFC1344209363C1004A997E /* AppDelegate.swift */,
				CDFC1346209363C1004A997E /* Page1.swift */,
				4A0552CD20B5EB7400193E5C /* Page2.swift */,
				4A0552DA20BE102A00193E5C /* Page3.swift */,
				4A5789FA20BF215F00677851 /* Page4.swift */,
				4A0552E620BE9FAD00193E5C /* Analytics.swift */,
				CDFC134E209363C1004A997E /* Assets.xcassets */,
				CDFC1350209363C1004A997E /* LaunchScreen.storyboard */,
				CDFC1353209363C1004A997E /* Info.plist */,
				CDFC134B209363C1004A997E /* CommunityApp.xcdatamodeld */,
				4A0552A720B5E75500193E5C /* CoreDataManager.swift */,
				4A0552B120B5E80D00193E5C /* FileSystemManager.swift */,
			);
			path = CommunityApp;
			sourceTree = "<group>";
		};
		CDFC135B209363C1004A997E /* CommunityAppTests */ = {
			isa = PBXGroup;
			children = (
				CDFC135C209363C1004A997E /* CommunityAppTests.swift */,
				CDFC135E209363C1004A997E /* Info.plist */,
			);
			path = CommunityAppTests;
			sourceTree = "<group>";
		};
		CDFC1366209363C1004A997E /* CommunityAppUITests */ = {
			isa = PBXGroup;
			children = (
				CDFC1367209363C1004A997E /* CommunityAppUITests.swift */,
				CDFC1369209363C1004A997E /* Info.plist */,
			);
			path = CommunityAppUITests;
			sourceTree = "<group>";
		};
/* End PBXGroup section */

/* Begin PBXNativeTarget section */
		CDFC1340209363C1004A997E /* CommunityApp */ = {
			isa = PBXNativeTarget;
			buildConfigurationList = CDFC136C209363C1004A997E /* Build configuration list for PBXNativeTarget "CommunityApp" */;
			buildPhases = (
				CDFC133D209363C1004A997E /* Sources */,
				CDFC133E209363C1004A997E /* Frameworks */,
				CDFC133F209363C1004A997E /* Resources */,
			);
			buildRules = (
			);
			dependencies = (
			);
			name = CommunityApp;
			productName = CommunityApp;
			productReference = CDFC1341209363C1004A997E /* CommunityApp.app */;
			productType = "com.apple.product-type.application";
		};
		CDFC1357209363C1004A997E /* CommunityAppTests */ = {
			isa = PBXNativeTarget;
			buildConfigurationList = CDFC136F209363C1004A997E /* Build configuration list for PBXNativeTarget "CommunityAppTests" */;
			buildPhases = (
				CDFC1354209363C1004A997E /* Sources */,
				CDFC1355209363C1004A997E /* Frameworks */,
				CDFC1356209363C1004A997E /* Resources */,
			);
			buildRules = (
			);
			dependencies = (
				CDFC135A209363C1004A997E /* PBXTargetDependency */,
			);
			name = CommunityAppTests;
			productName = CommunityAppTests;
			productReference = CDFC1358209363C1004A997E /* CommunityAppTests.xctest */;
			productType = "com.apple.product-type.bundle.unit-test";
		};
		CDFC1362209363C1004A997E /* CommunityAppUITests */ = {
			isa = PBXNativeTarget;
			buildConfigurationList = CDFC1372209363C1004A997E /* Build configuration list for PBXNativeTarget "CommunityAppUITests" */;
			buildPhases = (
				CDFC135F209363C1004A997E /* Sources */,
				CDFC1360209363C1004A997E /* Frameworks */,
				CDFC1361209363C1004A997E /* Resources */,
			);
			buildRules = (
			);
			dependencies = (
				CDFC1365209363C1004A997E /* PBXTargetDependency */,
			);
			name = CommunityAppUITests;
			productName = CommunityAppUITests;
			productReference = CDFC1363209363C1004A997E /* CommunityAppUITests.xctest */;
			productType = "com.apple.product-type.bundle.ui-testing";
		};
/* End PBXNativeTarget section */

/* Begin PBXProject section */
		CDFC1339209363C1004A997E /* Project object */ = {
			isa = PBXProject;
			attributes = {
				LastSwiftUpdateCheck = 0920;
				LastUpgradeCheck = 0930;
				ORGANIZATIONNAME = "Javon Luke";
				TargetAttributes = {
					CDFC1340209363C1004A997E = {
						CreatedOnToolsVersion = 9.2;
						LastSwiftMigration = 1000;
						ProvisioningStyle = Automatic;
						SystemCapabilities = {
							com.apple.InterAppAudio = {
								enabled = 1;
							};
							com.apple.iCloud = {
								enabled = 1;
							};
						};
					};
					CDFC1357209363C1004A997E = {
						CreatedOnToolsVersion = 9.2;
						LastSwiftMigration = 1000;
						ProvisioningStyle = Automatic;
						TestTargetID = CDFC1340209363C1004A997E;
					};
					CDFC1362209363C1004A997E = {
						CreatedOnToolsVersion = 9.2;
						LastSwiftMigration = 1000;
						ProvisioningStyle = Automatic;
						TestTargetID = CDFC1340209363C1004A997E;
					};
				};
			};
			buildConfigurationList = CDFC133C209363C1004A997E /* Build configuration list for PBXProject "CommunityApp" */;
			compatibilityVersion = "Xcode 8.0";
			developmentRegion = en;
			hasScannedForEncodings = 0;
			knownRegions = (
				en,
				Base,
			);
			mainGroup = CDFC1338209363C0004A997E;
			productRefGroup = CDFC1342209363C1004A997E /* Products */;
			projectDirPath = "";
			projectRoot = "";
			targets = (
				CDFC1340209363C1004A997E /* CommunityApp */,
				CDFC1357209363C1004A997E /* CommunityAppTests */,
				CDFC1362209363C1004A997E /* CommunityAppUITests */,
			);
		};
/* End PBXProject section */

/* Begin PBXResourcesBuildPhase section */
		CDFC133F209363C1004A997E /* Resources */ = {
			isa = PBXResourcesBuildPhase;
			buildActionMask = 2147483647;
			files = (
				CDC9505420C5AF0E001585FE /* Main.storyboard in Resources */,
				CDFC1352209363C1004A997E /* LaunchScreen.storyboard in Resources */,
				CDFC134F209363C1004A997E /* Assets.xcassets in Resources */,
			);
			runOnlyForDeploymentPostprocessing = 0;
		};
		CDFC1356209363C1004A997E /* Resources */ = {
			isa = PBXResourcesBuildPhase;
			buildActionMask = 2147483647;
			files = (
			);
			runOnlyForDeploymentPostprocessing = 0;
		};
		CDFC1361209363C1004A997E /* Resources */ = {
			isa = PBXResourcesBuildPhase;
			buildActionMask = 2147483647;
			files = (
			);
			runOnlyForDeploymentPostprocessing = 0;
		};
/* End PBXResourcesBuildPhase section */

/* Begin PBXSourcesBuildPhase section */
		CDFC133D209363C1004A997E /* Sources */ = {
			isa = PBXSourcesBuildPhase;
			buildActionMask = 2147483647;
			files = (
				CDC9777520C82BCC0064859D /* PhotoText.swift in Sources */,
				CDFC1347209363C1004A997E /* Page1.swift in Sources */,
				4A16058720C1C5B1000BFC95 /* CoreData.swift in Sources */,
				4A0552DB20BE102A00193E5C /* Page3.swift in Sources */,
				4A16056A20C1C5A5000BFC95 /* FrontPage.swift in Sources */,
				4A0552B220B5E80D00193E5C /* FileSystemManager.swift in Sources */,
				4A16056F20C1C5A5000BFC95 /* TaskTemplate.swift in Sources */,
				4A16057420C1C5A5000BFC95 /* VideoText.swift in Sources */,
				CDFC134D209363C1004A997E /* CommunityApp.xcdatamodeld in Sources */,
				CDFC1345209363C1004A997E /* AppDelegate.swift in Sources */,
				4A16056420C1C5A5000BFC95 /* TaskManager.swift in Sources */,
				840EE53820F3108700C51DE3 /* StackView.swift in Sources */,
				4A16057020C1C5A5000BFC95 /* VideoPlayer.swift in Sources */,
				4A0552E020BE7AED00193E5C /* Person+CoreDataClass.swift in Sources */,
				4A0552C720B5EA1800193E5C /* Task+CoreDataClass.swift in Sources */,
				CD88838C20DE7B7600E4AED3 /* NotificationController.swift in Sources */,
				4A0552E720BE9FAD00193E5C /* Analytics.swift in Sources */,
				4A16057B20C1C5AC000BFC95 /* CoreDataProtocol.swift in Sources */,
				4A16056620C1C5A5000BFC95 /* SignIn.swift in Sources */,
				4A0552E120BE7AED00193E5C /* Person+CoreDataProperties.swift in Sources */,
				4A16056920C1C5A5000BFC95 /* JobEditor.swift in Sources */,
				4A16057220C1C5A5000BFC95 /* Photo.swift in Sources */,
				CD88838E20DEB08700E4AED3 /* NotificationEditor.swift in Sources */,
				4A16057620C1C5A5000BFC95 /* Video.swift in Sources */,
				CD1904D620DCB75000D2C74A /* Constants.swift in Sources */,
				4A5789FB20BF215F00677851 /* Page4.swift in Sources */,
				4A16057720C1C5A5000BFC95 /* Text.swift in Sources */,
				4A16057320C1C5A5000BFC95 /* VideoAudio.swift in Sources */,
				4A16058B20C1C5B1000BFC95 /* PersonDemo.swift in Sources */,
				4A0552E420BE94C400193E5C /* Job+CoreDataClass.swift in Sources */,
				4A16057820C1C5A5000BFC95 /* AudioPhoto.swift in Sources */,
				4A16056520C1C5A5000BFC95 /* Email.swift in Sources */,
				4A16056D20C1C5A5000BFC95 /* AudioText.swift in Sources */,
				4A16056320C1C5A5000BFC95 /* Config.swift in Sources */,
				84F559FF226FDB0D00C36AC0 /* ICloudAPI.swift in Sources */,
				4A16057520C1C5A5000BFC95 /* Audio.swift in Sources */,
				4A60206F20D2CFAD00D6ABFC /* AudioRecorderManager.swift in Sources */,
				4A16056E20C1C5A5000BFC95 /* AudioTextPhoto.swift in Sources */,
				4A16056720C1C5A5000BFC95 /* JobManager.swift in Sources */,
				4A16056C20C1C5A5000BFC95 /* JobSelector.swift in Sources */,
				4A0552A820B5E75600193E5C /* CoreDataManager.swift in Sources */,
				4A0552CE20B5EB7400193E5C /* Page2.swift in Sources */,
				4A60207120E3D5EC00D6ABFC /* Job+CoreDataProperties.swift in Sources */,
				4ABCEFCE20EAEA54000E8C2F /* Analytics+CoreDataClass.swift in Sources */,
				CD1904D920DCB7F500D2C74A /* JobSelectorCell.swift in Sources */,
				4A16056B20C1C5A5000BFC95 /* JobViewer.swift in Sources */,
				4ABCEFD320ECB8FA000E8C2F /* Analytics+CoreDataProperties.swift in Sources */,
				4ABCEFD220ECB8FA000E8C2F /* Task+CoreDataProperties.swift in Sources */,
				4A16057120C1C5A5000BFC95 /* VideoAudioText.swift in Sources */,
			);
			runOnlyForDeploymentPostprocessing = 0;
		};
		CDFC1354209363C1004A997E /* Sources */ = {
			isa = PBXSourcesBuildPhase;
			buildActionMask = 2147483647;
			files = (
				CDFC135D209363C1004A997E /* CommunityAppTests.swift in Sources */,
			);
			runOnlyForDeploymentPostprocessing = 0;
		};
		CDFC135F209363C1004A997E /* Sources */ = {
			isa = PBXSourcesBuildPhase;
			buildActionMask = 2147483647;
			files = (
				CDFC1368209363C1004A997E /* CommunityAppUITests.swift in Sources */,
			);
			runOnlyForDeploymentPostprocessing = 0;
		};
/* End PBXSourcesBuildPhase section */

/* Begin PBXTargetDependency section */
		CDFC135A209363C1004A997E /* PBXTargetDependency */ = {
			isa = PBXTargetDependency;
			target = CDFC1340209363C1004A997E /* CommunityApp */;
			targetProxy = CDFC1359209363C1004A997E /* PBXContainerItemProxy */;
		};
		CDFC1365209363C1004A997E /* PBXTargetDependency */ = {
			isa = PBXTargetDependency;
			target = CDFC1340209363C1004A997E /* CommunityApp */;
			targetProxy = CDFC1364209363C1004A997E /* PBXContainerItemProxy */;
		};
/* End PBXTargetDependency section */

/* Begin PBXVariantGroup section */
		CDFC1350209363C1004A997E /* LaunchScreen.storyboard */ = {
			isa = PBXVariantGroup;
			children = (
				CDFC1351209363C1004A997E /* Base */,
			);
			name = LaunchScreen.storyboard;
			sourceTree = "<group>";
		};
/* End PBXVariantGroup section */

/* Begin XCBuildConfiguration section */
		CDFC136A209363C1004A997E /* Debug */ = {
			isa = XCBuildConfiguration;
			buildSettings = {
				ALWAYS_SEARCH_USER_PATHS = NO;
				CLANG_ANALYZER_NONNULL = YES;
				CLANG_ANALYZER_NUMBER_OBJECT_CONVERSION = YES_AGGRESSIVE;
				CLANG_CXX_LANGUAGE_STANDARD = "gnu++14";
				CLANG_CXX_LIBRARY = "libc++";
				CLANG_ENABLE_MODULES = YES;
				CLANG_ENABLE_OBJC_ARC = YES;
				CLANG_WARN_BLOCK_CAPTURE_AUTORELEASING = YES;
				CLANG_WARN_BOOL_CONVERSION = YES;
				CLANG_WARN_COMMA = YES;
				CLANG_WARN_CONSTANT_CONVERSION = YES;
				CLANG_WARN_DEPRECATED_OBJC_IMPLEMENTATIONS = YES;
				CLANG_WARN_DIRECT_OBJC_ISA_USAGE = YES_ERROR;
				CLANG_WARN_DOCUMENTATION_COMMENTS = YES;
				CLANG_WARN_EMPTY_BODY = YES;
				CLANG_WARN_ENUM_CONVERSION = YES;
				CLANG_WARN_INFINITE_RECURSION = YES;
				CLANG_WARN_INT_CONVERSION = YES;
				CLANG_WARN_NON_LITERAL_NULL_CONVERSION = YES;
				CLANG_WARN_OBJC_IMPLICIT_RETAIN_SELF = YES;
				CLANG_WARN_OBJC_LITERAL_CONVERSION = YES;
				CLANG_WARN_OBJC_ROOT_CLASS = YES_ERROR;
				CLANG_WARN_RANGE_LOOP_ANALYSIS = YES;
				CLANG_WARN_STRICT_PROTOTYPES = YES;
				CLANG_WARN_SUSPICIOUS_MOVE = YES;
				CLANG_WARN_UNGUARDED_AVAILABILITY = YES_AGGRESSIVE;
				CLANG_WARN_UNREACHABLE_CODE = YES;
				CLANG_WARN__DUPLICATE_METHOD_MATCH = YES;
				CODE_SIGN_IDENTITY = "iPhone Developer";
				COPY_PHASE_STRIP = NO;
				DEBUG_INFORMATION_FORMAT = dwarf;
				ENABLE_STRICT_OBJC_MSGSEND = YES;
				ENABLE_TESTABILITY = YES;
				GCC_C_LANGUAGE_STANDARD = gnu11;
				GCC_DYNAMIC_NO_PIC = NO;
				GCC_NO_COMMON_BLOCKS = YES;
				GCC_OPTIMIZATION_LEVEL = 0;
				GCC_PREPROCESSOR_DEFINITIONS = (
					"DEBUG=1",
					"$(inherited)",
				);
				GCC_WARN_64_TO_32_BIT_CONVERSION = YES;
				GCC_WARN_ABOUT_RETURN_TYPE = YES_ERROR;
				GCC_WARN_UNDECLARED_SELECTOR = YES;
				GCC_WARN_UNINITIALIZED_AUTOS = YES_AGGRESSIVE;
				GCC_WARN_UNUSED_FUNCTION = YES;
				GCC_WARN_UNUSED_VARIABLE = YES;
				IPHONEOS_DEPLOYMENT_TARGET = 11.4;
				MTL_ENABLE_DEBUG_INFO = YES;
				ONLY_ACTIVE_ARCH = YES;
				SDKROOT = iphoneos;
				SWIFT_ACTIVE_COMPILATION_CONDITIONS = DEBUG;
				SWIFT_OPTIMIZATION_LEVEL = "-Onone";
			};
			name = Debug;
		};
		CDFC136B209363C1004A997E /* Release */ = {
			isa = XCBuildConfiguration;
			buildSettings = {
				ALWAYS_SEARCH_USER_PATHS = NO;
				CLANG_ANALYZER_NONNULL = YES;
				CLANG_ANALYZER_NUMBER_OBJECT_CONVERSION = YES_AGGRESSIVE;
				CLANG_CXX_LANGUAGE_STANDARD = "gnu++14";
				CLANG_CXX_LIBRARY = "libc++";
				CLANG_ENABLE_MODULES = YES;
				CLANG_ENABLE_OBJC_ARC = YES;
				CLANG_WARN_BLOCK_CAPTURE_AUTORELEASING = YES;
				CLANG_WARN_BOOL_CONVERSION = YES;
				CLANG_WARN_COMMA = YES;
				CLANG_WARN_CONSTANT_CONVERSION = YES;
				CLANG_WARN_DEPRECATED_OBJC_IMPLEMENTATIONS = YES;
				CLANG_WARN_DIRECT_OBJC_ISA_USAGE = YES_ERROR;
				CLANG_WARN_DOCUMENTATION_COMMENTS = YES;
				CLANG_WARN_EMPTY_BODY = YES;
				CLANG_WARN_ENUM_CONVERSION = YES;
				CLANG_WARN_INFINITE_RECURSION = YES;
				CLANG_WARN_INT_CONVERSION = YES;
				CLANG_WARN_NON_LITERAL_NULL_CONVERSION = YES;
				CLANG_WARN_OBJC_IMPLICIT_RETAIN_SELF = YES;
				CLANG_WARN_OBJC_LITERAL_CONVERSION = YES;
				CLANG_WARN_OBJC_ROOT_CLASS = YES_ERROR;
				CLANG_WARN_RANGE_LOOP_ANALYSIS = YES;
				CLANG_WARN_STRICT_PROTOTYPES = YES;
				CLANG_WARN_SUSPICIOUS_MOVE = YES;
				CLANG_WARN_UNGUARDED_AVAILABILITY = YES_AGGRESSIVE;
				CLANG_WARN_UNREACHABLE_CODE = YES;
				CLANG_WARN__DUPLICATE_METHOD_MATCH = YES;
				CODE_SIGN_IDENTITY = "iPhone Developer";
				COPY_PHASE_STRIP = NO;
				DEBUG_INFORMATION_FORMAT = "dwarf-with-dsym";
				ENABLE_NS_ASSERTIONS = NO;
				ENABLE_STRICT_OBJC_MSGSEND = YES;
				GCC_C_LANGUAGE_STANDARD = gnu11;
				GCC_NO_COMMON_BLOCKS = YES;
				GCC_WARN_64_TO_32_BIT_CONVERSION = YES;
				GCC_WARN_ABOUT_RETURN_TYPE = YES_ERROR;
				GCC_WARN_UNDECLARED_SELECTOR = YES;
				GCC_WARN_UNINITIALIZED_AUTOS = YES_AGGRESSIVE;
				GCC_WARN_UNUSED_FUNCTION = YES;
				GCC_WARN_UNUSED_VARIABLE = YES;
				IPHONEOS_DEPLOYMENT_TARGET = 11.4;
				MTL_ENABLE_DEBUG_INFO = NO;
				SDKROOT = iphoneos;
				SWIFT_OPTIMIZATION_LEVEL = "-Owholemodule";
				VALIDATE_PRODUCT = YES;
			};
			name = Release;
		};
		CDFC136D209363C1004A997E /* Debug */ = {
			isa = XCBuildConfiguration;
			buildSettings = {
				ASSETCATALOG_COMPILER_APPICON_NAME = AppIcon;
				ASSETCATALOG_COMPILER_LAUNCHIMAGE_NAME = LaunchImage;
				CLANG_ENABLE_MODULES = YES;
				CODE_SIGN_ENTITLEMENTS = CommunityApp/CommunityApp.entitlements;
				CODE_SIGN_IDENTITY = "iPhone Developer";
				CODE_SIGN_STYLE = Automatic;
				DEVELOPMENT_TEAM = C8QYC5JP5K;
				INFOPLIST_FILE = CommunityApp/Info.plist;
				IPHONEOS_DEPLOYMENT_TARGET = 11.0;
				LD_RUNPATH_SEARCH_PATHS = "$(inherited) @executable_path/Frameworks";
				PRODUCT_BUNDLE_IDENTIFIER = StepByStep5.try;
				PRODUCT_NAME = "$(TARGET_NAME)";
				PROVISIONING_PROFILE_SPECIFIER = "";
				SWIFT_OPTIMIZATION_LEVEL = "-Onone";
				SWIFT_VERSION = 4.0;
				TARGETED_DEVICE_FAMILY = "1,2";
			};
			name = Debug;
		};
		CDFC136E209363C1004A997E /* Release */ = {
			isa = XCBuildConfiguration;
			buildSettings = {
				ASSETCATALOG_COMPILER_APPICON_NAME = AppIcon;
				ASSETCATALOG_COMPILER_LAUNCHIMAGE_NAME = LaunchImage;
				CLANG_ENABLE_MODULES = YES;
				CODE_SIGN_ENTITLEMENTS = CommunityApp/CommunityApp.entitlements;
				CODE_SIGN_IDENTITY = "iPhone Developer";
				CODE_SIGN_STYLE = Automatic;
				DEVELOPMENT_TEAM = C8QYC5JP5K;
				INFOPLIST_FILE = CommunityApp/Info.plist;
				IPHONEOS_DEPLOYMENT_TARGET = 11.0;
				LD_RUNPATH_SEARCH_PATHS = "$(inherited) @executable_path/Frameworks";
				PRODUCT_BUNDLE_IDENTIFIER = StepByStep5.try;
				PRODUCT_NAME = "$(TARGET_NAME)";
				PROVISIONING_PROFILE_SPECIFIER = "";
				SWIFT_VERSION = 4.0;
				TARGETED_DEVICE_FAMILY = "1,2";
			};
			name = Release;
		};
		CDFC1370209363C1004A997E /* Debug */ = {
			isa = XCBuildConfiguration;
			buildSettings = {
				ALWAYS_EMBED_SWIFT_STANDARD_LIBRARIES = YES;
				BUNDLE_LOADER = "$(TEST_HOST)";
				CODE_SIGN_STYLE = Automatic;
				INFOPLIST_FILE = CommunityAppTests/Info.plist;
				LD_RUNPATH_SEARCH_PATHS = "$(inherited) @executable_path/Frameworks @loader_path/Frameworks";
				PRODUCT_BUNDLE_IDENTIFIER = HelloWorld.CommunityAppTests;
				PRODUCT_NAME = "$(TARGET_NAME)";
				SWIFT_VERSION = 4.0;
				TARGETED_DEVICE_FAMILY = "1,2";
				TEST_HOST = "$(BUILT_PRODUCTS_DIR)/CommunityApp.app/CommunityApp";
			};
			name = Debug;
		};
		CDFC1371209363C1004A997E /* Release */ = {
			isa = XCBuildConfiguration;
			buildSettings = {
				ALWAYS_EMBED_SWIFT_STANDARD_LIBRARIES = YES;
				BUNDLE_LOADER = "$(TEST_HOST)";
				CODE_SIGN_STYLE = Automatic;
				INFOPLIST_FILE = CommunityAppTests/Info.plist;
				LD_RUNPATH_SEARCH_PATHS = "$(inherited) @executable_path/Frameworks @loader_path/Frameworks";
				PRODUCT_BUNDLE_IDENTIFIER = HelloWorld.CommunityAppTests;
				PRODUCT_NAME = "$(TARGET_NAME)";
				SWIFT_VERSION = 4.0;
				TARGETED_DEVICE_FAMILY = "1,2";
				TEST_HOST = "$(BUILT_PRODUCTS_DIR)/CommunityApp.app/CommunityApp";
			};
			name = Release;
		};
		CDFC1373209363C1004A997E /* Debug */ = {
			isa = XCBuildConfiguration;
			buildSettings = {
				ALWAYS_EMBED_SWIFT_STANDARD_LIBRARIES = YES;
				CODE_SIGN_STYLE = Automatic;
				INFOPLIST_FILE = CommunityAppUITests/Info.plist;
				LD_RUNPATH_SEARCH_PATHS = "$(inherited) @executable_path/Frameworks @loader_path/Frameworks";
				PRODUCT_BUNDLE_IDENTIFIER = HelloWorld.CommunityAppUITests;
				PRODUCT_NAME = "$(TARGET_NAME)";
				SWIFT_VERSION = 4.0;
				TARGETED_DEVICE_FAMILY = "1,2";
				TEST_TARGET_NAME = CommunityApp;
			};
			name = Debug;
		};
		CDFC1374209363C1004A997E /* Release */ = {
			isa = XCBuildConfiguration;
			buildSettings = {
				ALWAYS_EMBED_SWIFT_STANDARD_LIBRARIES = YES;
				CODE_SIGN_STYLE = Automatic;
				INFOPLIST_FILE = CommunityAppUITests/Info.plist;
				LD_RUNPATH_SEARCH_PATHS = "$(inherited) @executable_path/Frameworks @loader_path/Frameworks";
				PRODUCT_BUNDLE_IDENTIFIER = HelloWorld.CommunityAppUITests;
				PRODUCT_NAME = "$(TARGET_NAME)";
				SWIFT_VERSION = 4.0;
				TARGETED_DEVICE_FAMILY = "1,2";
				TEST_TARGET_NAME = CommunityApp;
			};
			name = Release;
		};
/* End XCBuildConfiguration section */

/* Begin XCConfigurationList section */
		CDFC133C209363C1004A997E /* Build configuration list for PBXProject "CommunityApp" */ = {
			isa = XCConfigurationList;
			buildConfigurations = (
				CDFC136A209363C1004A997E /* Debug */,
				CDFC136B209363C1004A997E /* Release */,
			);
			defaultConfigurationIsVisible = 0;
			defaultConfigurationName = Release;
		};
		CDFC136C209363C1004A997E /* Build configuration list for PBXNativeTarget "CommunityApp" */ = {
			isa = XCConfigurationList;
			buildConfigurations = (
				CDFC136D209363C1004A997E /* Debug */,
				CDFC136E209363C1004A997E /* Release */,
			);
			defaultConfigurationIsVisible = 0;
			defaultConfigurationName = Release;
		};
		CDFC136F209363C1004A997E /* Build configuration list for PBXNativeTarget "CommunityAppTests" */ = {
			isa = XCConfigurationList;
			buildConfigurations = (
				CDFC1370209363C1004A997E /* Debug */,
				CDFC1371209363C1004A997E /* Release */,
			);
			defaultConfigurationIsVisible = 0;
			defaultConfigurationName = Release;
		};
		CDFC1372209363C1004A997E /* Build configuration list for PBXNativeTarget "CommunityAppUITests" */ = {
			isa = XCConfigurationList;
			buildConfigurations = (
				CDFC1373209363C1004A997E /* Debug */,
				CDFC1374209363C1004A997E /* Release */,
			);
			defaultConfigurationIsVisible = 0;
			defaultConfigurationName = Release;
		};
/* End XCConfigurationList section */

/* Begin XCVersionGroup section */
		CDFC134B209363C1004A997E /* CommunityApp.xcdatamodeld */ = {
			isa = XCVersionGroup;
			children = (
				CDFC134C209363C1004A997E /* CommunityApp.xcdatamodel */,
			);
			currentVersion = CDFC134C209363C1004A997E /* CommunityApp.xcdatamodel */;
			path = CommunityApp.xcdatamodeld;
			sourceTree = "<group>";
			versionGroupType = wrapper.xcdatamodel;
		};
/* End XCVersionGroup section */
	};
	rootObject = CDFC1339209363C1004A997E /* Project object */;
}
